
Microsoft Visual Studio Solution File, Format Version 12.00
# Visual Studio Version 17
VisualStudioVersion = 17.2.32630.192
MinimumVisualStudioVersion = 10.0.40219.1
Project("{2150E333-8FDC-42A3-9474-1A3956D46DE8}") = "Services", "Services", "{6D8AE159-AB4E-40B5-B5FC-AC6D9A9461C3}"
EndProject
Project("{2150E333-8FDC-42A3-9474-1A3956D46DE8}") = "Catalog", "Catalog", "{61C2CECB-43BF-4C19-88EA-B3BF9C76B152}"
EndProject
Project("{9A19103F-16F7-4668-BE54-9A1E7A4F7556}") = "Catalog.API", "Services\Catalog\Catalog.API\Catalog.API.csproj", "{D76EE918-3F4B-4479-B936-941AE7F66C88}"
EndProject
Project("{E53339B2-1760-4266-BCC7-CA923CBCF16C}") = "docker-compose", "docker-compose.dcproj", "{CCDF3F9B-6A8A-4A7B-ADB7-44A959453457}"
EndProject
Project("{2150E333-8FDC-42A3-9474-1A3956D46DE8}") = "Basket", "Basket", "{5735DBB6-C980-4355-A462-E8552AFA9C61}"
EndProject
Project("{9A19103F-16F7-4668-BE54-9A1E7A4F7556}") = "Basket.API", "Services\Basket\Basket.API\Basket.API.csproj", "{E042E7E9-6B7B-41A9-86E8-6870834D2396}"
EndProject
Project("{2150E333-8FDC-42A3-9474-1A3956D46DE8}") = "Discount", "Discount", "{ACA3F58C-7215-4653-843C-1CAB2FEBF4F4}"
EndProject
Project("{9A19103F-16F7-4668-BE54-9A1E7A4F7556}") = "Discount.API", "Services\Discount\Discount.API\Discount.API.csproj", "{D6758EDB-E0D5-42B2-A1A9-9B0ECA1A0C08}"
EndProject
Project("{9A19103F-16F7-4668-BE54-9A1E7A4F7556}") = "Discount.Grpc", "Services\Discount\Discount.Grpc\Discount.Grpc.csproj", "{2CEEAD4F-17A3-48B9-8A24-02AC194A0A1A}"
EndProject
Project("{2150E333-8FDC-42A3-9474-1A3956D46DE8}") = "Ordering", "Ordering", "{3DA72AD3-3032-4025-9261-A8A02804B9B2}"
EndProject
Project("{FAE04EC0-301F-11D3-BF4B-00C04F79EFBC}") = "Ordering.API", "Services\Ordering\Ordering.API\Ordering.API.csproj", "{81B0A6A7-830A-4C9C-848A-04C0CBB4BC96}"
EndProject
Project("{FAE04EC0-301F-11D3-BF4B-00C04F79EFBC}") = "Ordering.Domain", "Services\Ordering\Ordering.Domain\Ordering.Domain.csproj", "{21490BB7-CAFB-49B1-8415-286E8C6B2E88}"
EndProject
Project("{FAE04EC0-301F-11D3-BF4B-00C04F79EFBC}") = "Ordering.Application", "Services\Ordering\Ordering.Application\Ordering.Application.csproj", "{9FDB1E82-7BF4-409F-88E9-2B88EB696C6C}"
EndProject
Project("{FAE04EC0-301F-11D3-BF4B-00C04F79EFBC}") = "Ordering.Infrastructure", "Services\Ordering\Ordering.Infrastructure\Ordering.Infrastructure.csproj", "{0B6EFDAA-6864-4792-BEE0-D4148ED9BC83}"
EndProject
Global
	GlobalSection(SolutionConfigurationPlatforms) = preSolution
		Debug|Any CPU = Debug|Any CPU
		Release|Any CPU = Release|Any CPU
	EndGlobalSection
	GlobalSection(ProjectConfigurationPlatforms) = postSolution
		{D76EE918-3F4B-4479-B936-941AE7F66C88}.Debug|Any CPU.ActiveCfg = Debug|Any CPU
		{D76EE918-3F4B-4479-B936-941AE7F66C88}.Debug|Any CPU.Build.0 = Debug|Any CPU
		{D76EE918-3F4B-4479-B936-941AE7F66C88}.Release|Any CPU.ActiveCfg = Release|Any CPU
		{D76EE918-3F4B-4479-B936-941AE7F66C88}.Release|Any CPU.Build.0 = Release|Any CPU
		{CCDF3F9B-6A8A-4A7B-ADB7-44A959453457}.Debug|Any CPU.ActiveCfg = Debug|Any CPU
		{CCDF3F9B-6A8A-4A7B-ADB7-44A959453457}.Debug|Any CPU.Build.0 = Debug|Any CPU
		{CCDF3F9B-6A8A-4A7B-ADB7-44A959453457}.Release|Any CPU.ActiveCfg = Release|Any CPU
		{CCDF3F9B-6A8A-4A7B-ADB7-44A959453457}.Release|Any CPU.Build.0 = Release|Any CPU
		{E042E7E9-6B7B-41A9-86E8-6870834D2396}.Debug|Any CPU.ActiveCfg = Debug|Any CPU
		{E042E7E9-6B7B-41A9-86E8-6870834D2396}.Debug|Any CPU.Build.0 = Debug|Any CPU
		{E042E7E9-6B7B-41A9-86E8-6870834D2396}.Release|Any CPU.ActiveCfg = Release|Any CPU
		{E042E7E9-6B7B-41A9-86E8-6870834D2396}.Release|Any CPU.Build.0 = Release|Any CPU
		{D6758EDB-E0D5-42B2-A1A9-9B0ECA1A0C08}.Debug|Any CPU.ActiveCfg = Debug|Any CPU
		{D6758EDB-E0D5-42B2-A1A9-9B0ECA1A0C08}.Debug|Any CPU.Build.0 = Debug|Any CPU
		{D6758EDB-E0D5-42B2-A1A9-9B0ECA1A0C08}.Release|Any CPU.ActiveCfg = Release|Any CPU
		{D6758EDB-E0D5-42B2-A1A9-9B0ECA1A0C08}.Release|Any CPU.Build.0 = Release|Any CPU
		{2CEEAD4F-17A3-48B9-8A24-02AC194A0A1A}.Debug|Any CPU.ActiveCfg = Debug|Any CPU
		{2CEEAD4F-17A3-48B9-8A24-02AC194A0A1A}.Debug|Any CPU.Build.0 = Debug|Any CPU
		{2CEEAD4F-17A3-48B9-8A24-02AC194A0A1A}.Release|Any CPU.ActiveCfg = Release|Any CPU
		{2CEEAD4F-17A3-48B9-8A24-02AC194A0A1A}.Release|Any CPU.Build.0 = Release|Any CPU
		{81B0A6A7-830A-4C9C-848A-04C0CBB4BC96}.Debug|Any CPU.ActiveCfg = Debug|Any CPU
		{81B0A6A7-830A-4C9C-848A-04C0CBB4BC96}.Debug|Any CPU.Build.0 = Debug|Any CPU
		{81B0A6A7-830A-4C9C-848A-04C0CBB4BC96}.Release|Any CPU.ActiveCfg = Release|Any CPU
		{81B0A6A7-830A-4C9C-848A-04C0CBB4BC96}.Release|Any CPU.Build.0 = Release|Any CPU
		{21490BB7-CAFB-49B1-8415-286E8C6B2E88}.Debug|Any CPU.ActiveCfg = Debug|Any CPU
		{21490BB7-CAFB-49B1-8415-286E8C6B2E88}.Debug|Any CPU.Build.0 = Debug|Any CPU
		{21490BB7-CAFB-49B1-8415-286E8C6B2E88}.Release|Any CPU.ActiveCfg = Release|Any CPU
		{21490BB7-CAFB-49B1-8415-286E8C6B2E88}.Release|Any CPU.Build.0 = Release|Any CPU
		{9FDB1E82-7BF4-409F-88E9-2B88EB696C6C}.Debug|Any CPU.ActiveCfg = Debug|Any CPU
		{9FDB1E82-7BF4-409F-88E9-2B88EB696C6C}.Debug|Any CPU.Build.0 = Debug|Any CPU
		{9FDB1E82-7BF4-409F-88E9-2B88EB696C6C}.Release|Any CPU.ActiveCfg = Release|Any CPU
		{9FDB1E82-7BF4-409F-88E9-2B88EB696C6C}.Release|Any CPU.Build.0 = Release|Any CPU
		{0B6EFDAA-6864-4792-BEE0-D4148ED9BC83}.Debug|Any CPU.ActiveCfg = Debug|Any CPU
		{0B6EFDAA-6864-4792-BEE0-D4148ED9BC83}.Debug|Any CPU.Build.0 = Debug|Any CPU
		{0B6EFDAA-6864-4792-BEE0-D4148ED9BC83}.Release|Any CPU.ActiveCfg = Release|Any CPU
		{0B6EFDAA-6864-4792-BEE0-D4148ED9BC83}.Release|Any CPU.Build.0 = Release|Any CPU
	EndGlobalSection
	GlobalSection(SolutionProperties) = preSolution
		HideSolutionNode = FALSE
	EndGlobalSection
	GlobalSection(NestedProjects) = preSolution
		{61C2CECB-43BF-4C19-88EA-B3BF9C76B152} = {6D8AE159-AB4E-40B5-B5FC-AC6D9A9461C3}
		{D76EE918-3F4B-4479-B936-941AE7F66C88} = {61C2CECB-43BF-4C19-88EA-B3BF9C76B152}
		{5735DBB6-C980-4355-A462-E8552AFA9C61} = {6D8AE159-AB4E-40B5-B5FC-AC6D9A9461C3}
		{E042E7E9-6B7B-41A9-86E8-6870834D2396} = {5735DBB6-C980-4355-A462-E8552AFA9C61}
		{ACA3F58C-7215-4653-843C-1CAB2FEBF4F4} = {6D8AE159-AB4E-40B5-B5FC-AC6D9A9461C3}
		{D6758EDB-E0D5-42B2-A1A9-9B0ECA1A0C08} = {ACA3F58C-7215-4653-843C-1CAB2FEBF4F4}
		{2CEEAD4F-17A3-48B9-8A24-02AC194A0A1A} = {ACA3F58C-7215-4653-843C-1CAB2FEBF4F4}
		{3DA72AD3-3032-4025-9261-A8A02804B9B2} = {6D8AE159-AB4E-40B5-B5FC-AC6D9A9461C3}
		{81B0A6A7-830A-4C9C-848A-04C0CBB4BC96} = {3DA72AD3-3032-4025-9261-A8A02804B9B2}
		{21490BB7-CAFB-49B1-8415-286E8C6B2E88} = {3DA72AD3-3032-4025-9261-A8A02804B9B2}
		{9FDB1E82-7BF4-409F-88E9-2B88EB696C6C} = {3DA72AD3-3032-4025-9261-A8A02804B9B2}
		{0B6EFDAA-6864-4792-BEE0-D4148ED9BC83} = {3DA72AD3-3032-4025-9261-A8A02804B9B2}
	EndGlobalSection
	GlobalSection(ExtensibilityGlobals) = postSolution
		SolutionGuid = {19993E2F-B39B-485F-B076-93EA6317F3BA}
	EndGlobalSection
EndGlobal
